
Microsoft Visual Studio Solution File, Format Version 12.00
# Visual Studio Version 17
VisualStudioVersion = 17.5.002.0
MinimumVisualStudioVersion = 10.0.40219.1
Project("{9A19103F-16F7-4668-BE54-9A1E7A4F7556}") = "Giteiro", "Giteiro.csproj", "{42BD2215-C099-4613-9714-8417C358351A}"
EndProject
Global
	GlobalSection(SolutionConfigurationPlatforms) = preSolution
		Debug|Any CPU = Debug|Any CPU
		Release|Any CPU = Release|Any CPU
	EndGlobalSection
	GlobalSection(ProjectConfigurationPlatforms) = postSolution
		{42BD2215-C099-4613-9714-8417C358351A}.Debug|Any CPU.ActiveCfg = Debug|Any CPU
		{42BD2215-C099-4613-9714-8417C358351A}.Debug|Any CPU.Build.0 = Debug|Any CPU
		{42BD2215-C099-4613-9714-8417C358351A}.Release|Any CPU.ActiveCfg = Release|Any CPU
		{42BD2215-C099-4613-9714-8417C358351A}.Release|Any CPU.Build.0 = Release|Any CPU
	EndGlobalSection
	GlobalSection(SolutionProperties) = preSolution
		HideSolutionNode = FALSE
	EndGlobalSection
	GlobalSection(ExtensibilityGlobals) = postSolution
		SolutionGuid = {27C1881B-1B59-4D12-8A54-5FE7AE379664}
	EndGlobalSection
EndGlobal
